
Microsoft Visual Studio Solution File, Format Version 12.00
# Visual Studio Version 16
VisualStudioVersion = 16.0.30011.22
MinimumVisualStudioVersion = 10.0.40219.1
Project("{8BC9CEB8-8B4A-11D0-8D11-00A0C91BC942}") = "Klondike Solitaire", "Klondike Solitaire.vcxproj", "{E29306DA-60F2-4B89-9B72-6DEFE69FEEB5}"
EndProject
Global
	GlobalSection(SolutionConfigurationPlatforms) = preSolution
		Debug|x64 = Debug|x64
		Debug|x86 = Debug|x86
		Release|x64 = Release|x64
		Release|x86 = Release|x86
	EndGlobalSection
	GlobalSection(ProjectConfigurationPlatforms) = postSolution
		{E29306DA-60F2-4B89-9B72-6DEFE69FEEB5}.Debug|x64.ActiveCfg = Debug|x64
		{E29306DA-60F2-4B89-9B72-6DEFE69FEEB5}.Debug|x64.Build.0 = Debug|x64
		{E29306DA-60F2-4B89-9B72-6DEFE69FEEB5}.Debug|x86.ActiveCfg = Debug|Win32
		{E29306DA-60F2-4B89-9B72-6DEFE69FEEB5}.Debug|x86.Build.0 = Debug|Win32
		{E29306DA-60F2-4B89-9B72-6DEFE69FEEB5}.Release|x64.ActiveCfg = Release|x64
		{E29306DA-60F2-4B89-9B72-6DEFE69FEEB5}.Release|x64.Build.0 = Release|x64
		{E29306DA-60F2-4B89-9B72-6DEFE69FEEB5}.Release|x86.ActiveCfg = Release|Win32
		{E29306DA-60F2-4B89-9B72-6DEFE69FEEB5}.Release|x86.Build.0 = Release|Win32
	EndGlobalSection
	GlobalSection(SolutionProperties) = preSolution
		HideSolutionNode = FALSE
	EndGlobalSection
	GlobalSection(ExtensibilityGlobals) = postSolution
		SolutionGuid = {566D6F02-6070-48C5-987C-1C2CA2317754}
	EndGlobalSection
EndGlobal
